
Microsoft Visual Studio Solution File, Format Version 12.00
# Visual Studio Version 16
VisualStudioVersion = 16.0.29709.97
MinimumVisualStudioVersion = 10.0.40219.1
Project("{FAE04EC0-301F-11D3-BF4B-00C04F79EFBC}") = "RESProjekat2021", "RESProjekat2021\RESProjekat2021.csproj", "{AC328642-4285-4593-86D1-5F9AD18B2E6E}"
EndProject
Project("{FAE04EC0-301F-11D3-BF4B-00C04F79EFBC}") = "DataBase", "DataBase\DataBase.csproj", "{00A9D519-9D21-4E59-B5A5-9E3DE7F638B4}"
EndProject
Project("{FAE04EC0-301F-11D3-BF4B-00C04F79EFBC}") = "WorkerClass", "WorkerClass\WorkerClass.csproj", "{C065A36E-2B5C-4208-92BB-8FF5696FE42C}"
EndProject
Project("{FAE04EC0-301F-11D3-BF4B-00C04F79EFBC}") = "WriterClass", "WriterClass\WriterClass.csproj", "{23BC0C15-C7AA-4E67-9DDF-5BFB4B07AC42}"
EndProject
Project("{FAE04EC0-301F-11D3-BF4B-00C04F79EFBC}") = "LoadBalancerClass", "LoadBalancerClass\LoadBalancerClass.csproj", "{FC32D8B4-9348-4DE3-AAE9-2989A6F09FFA}"
EndProject
Project("{FAE04EC0-301F-11D3-BF4B-00C04F79EFBC}") = "Testovi", "Testovi\Testovi.csproj", "{4F6AB6A3-6120-4976-88F0-5CE868FC8C54}"
EndProject
Project("{FAE04EC0-301F-11D3-BF4B-00C04F79EFBC}") = "ReaderClass", "ReaderClass\ReaderClass.csproj", "{D8599A4E-7780-49F4-A75C-E7E2213D722D}"
EndProject
Project("{FAE04EC0-301F-11D3-BF4B-00C04F79EFBC}") = "LoggerClass", "LoggerClass\LoggerClass.csproj", "{151CA443-C35F-4572-B856-10422B6C4324}"
EndProject
Global
	GlobalSection(SolutionConfigurationPlatforms) = preSolution
		Debug|Any CPU = Debug|Any CPU
		Release|Any CPU = Release|Any CPU
	EndGlobalSection
	GlobalSection(ProjectConfigurationPlatforms) = postSolution
		{AC328642-4285-4593-86D1-5F9AD18B2E6E}.Debug|Any CPU.ActiveCfg = Debug|Any CPU
		{AC328642-4285-4593-86D1-5F9AD18B2E6E}.Debug|Any CPU.Build.0 = Debug|Any CPU
		{AC328642-4285-4593-86D1-5F9AD18B2E6E}.Release|Any CPU.ActiveCfg = Release|Any CPU
		{AC328642-4285-4593-86D1-5F9AD18B2E6E}.Release|Any CPU.Build.0 = Release|Any CPU
		{00A9D519-9D21-4E59-B5A5-9E3DE7F638B4}.Debug|Any CPU.ActiveCfg = Debug|Any CPU
		{00A9D519-9D21-4E59-B5A5-9E3DE7F638B4}.Debug|Any CPU.Build.0 = Debug|Any CPU
		{00A9D519-9D21-4E59-B5A5-9E3DE7F638B4}.Release|Any CPU.ActiveCfg = Release|Any CPU
		{00A9D519-9D21-4E59-B5A5-9E3DE7F638B4}.Release|Any CPU.Build.0 = Release|Any CPU
		{C065A36E-2B5C-4208-92BB-8FF5696FE42C}.Debug|Any CPU.ActiveCfg = Debug|Any CPU
		{C065A36E-2B5C-4208-92BB-8FF5696FE42C}.Debug|Any CPU.Build.0 = Debug|Any CPU
		{C065A36E-2B5C-4208-92BB-8FF5696FE42C}.Release|Any CPU.ActiveCfg = Release|Any CPU
		{C065A36E-2B5C-4208-92BB-8FF5696FE42C}.Release|Any CPU.Build.0 = Release|Any CPU
		{23BC0C15-C7AA-4E67-9DDF-5BFB4B07AC42}.Debug|Any CPU.ActiveCfg = Debug|Any CPU
		{23BC0C15-C7AA-4E67-9DDF-5BFB4B07AC42}.Debug|Any CPU.Build.0 = Debug|Any CPU
		{23BC0C15-C7AA-4E67-9DDF-5BFB4B07AC42}.Release|Any CPU.ActiveCfg = Release|Any CPU
		{23BC0C15-C7AA-4E67-9DDF-5BFB4B07AC42}.Release|Any CPU.Build.0 = Release|Any CPU
		{FC32D8B4-9348-4DE3-AAE9-2989A6F09FFA}.Debug|Any CPU.ActiveCfg = Debug|Any CPU
		{FC32D8B4-9348-4DE3-AAE9-2989A6F09FFA}.Debug|Any CPU.Build.0 = Debug|Any CPU
		{FC32D8B4-9348-4DE3-AAE9-2989A6F09FFA}.Release|Any CPU.ActiveCfg = Release|Any CPU
		{FC32D8B4-9348-4DE3-AAE9-2989A6F09FFA}.Release|Any CPU.Build.0 = Release|Any CPU
		{4F6AB6A3-6120-4976-88F0-5CE868FC8C54}.Debug|Any CPU.ActiveCfg = Debug|Any CPU
		{4F6AB6A3-6120-4976-88F0-5CE868FC8C54}.Debug|Any CPU.Build.0 = Debug|Any CPU
		{4F6AB6A3-6120-4976-88F0-5CE868FC8C54}.Release|Any CPU.ActiveCfg = Release|Any CPU
		{4F6AB6A3-6120-4976-88F0-5CE868FC8C54}.Release|Any CPU.Build.0 = Release|Any CPU
		{D8599A4E-7780-49F4-A75C-E7E2213D722D}.Debug|Any CPU.ActiveCfg = Debug|Any CPU
		{D8599A4E-7780-49F4-A75C-E7E2213D722D}.Debug|Any CPU.Build.0 = Debug|Any CPU
		{D8599A4E-7780-49F4-A75C-E7E2213D722D}.Release|Any CPU.ActiveCfg = Release|Any CPU
		{D8599A4E-7780-49F4-A75C-E7E2213D722D}.Release|Any CPU.Build.0 = Release|Any CPU
		{151CA443-C35F-4572-B856-10422B6C4324}.Debug|Any CPU.ActiveCfg = Debug|Any CPU
		{151CA443-C35F-4572-B856-10422B6C4324}.Debug|Any CPU.Build.0 = Debug|Any CPU
		{151CA443-C35F-4572-B856-10422B6C4324}.Release|Any CPU.ActiveCfg = Release|Any CPU
		{151CA443-C35F-4572-B856-10422B6C4324}.Release|Any CPU.Build.0 = Release|Any CPU
	EndGlobalSection
	GlobalSection(SolutionProperties) = preSolution
		HideSolutionNode = FALSE
	EndGlobalSection
	GlobalSection(ExtensibilityGlobals) = postSolution
		SolutionGuid = {9D889CD7-8D6D-490F-A20D-DB5B62AF2EA6}
	EndGlobalSection
EndGlobal
